// !$*UTF8*$!
{
	archiveVersion = 1;
	classes = {
	};
	objectVersion = 77;
	objects = {

/* Begin PBXBuildFile section */
		1304E47A55CE57718117B279 /* Foundation.framework in Frameworks */ = {isa = PBXBuildFile; fileRef = FC00383639427959FB24E438 /* Foundation.framework */; };
		50C5A19AFAA5AADA618FFD0E /* DataModels.swift in Sources */ = {isa = PBXBuildFile; fileRef = DAB29E7F1966EC006FE3E74E /* DataModels.swift */; };
		594D6D2956066597CE67C092 /* SmartPlanModels.swift in Sources */ = {isa = PBXBuildFile; fileRef = 9A3222F4F2574D1FBEBEB26A /* SmartPlanModels.swift */; };
		7273FD20E172A06B9D7A2873 /* FoodTrackerWidget.swift in Sources */ = {isa = PBXBuildFile; fileRef = 36DAF5A47B0721134975795C /* FoodTrackerWidget.swift */; };
		9844B60EC51A8605D7EEA3AF /* SharedModelContainer.swift in Sources */ = {isa = PBXBuildFile; fileRef = AB07AB497C9BEAD74F622C56 /* SharedModelContainer.swift */; };
		A844BDC967EA5D6E265A855C /* WidgetViews.swift in Sources */ = {isa = PBXBuildFile; fileRef = C44C0ADF6D4FF58EA8ECD7E9 /* WidgetViews.swift */; };
		AC5031B52FD818F600C2DD0A /* FirebaseAuth in Frameworks */ = {isa = PBXBuildFile; productRef = AC5031B42FD818F600C2DD0A /* FirebaseAuth */; };
		AC5031B72FD818FC00C2DD0A /* FirebaseCrashlytics in Frameworks */ = {isa = PBXBuildFile; productRef = AC5031B62FD818FC00C2DD0A /* FirebaseCrashlytics */; };
		AC5031B92FD8191600C2DD0A /* FirebaseAppCheck in Frameworks */ = {isa = PBXBuildFile; productRef = AC5031B82FD8191600C2DD0A /* FirebaseAppCheck */; };
		AC5031BC2FD81A1800C2DD0A /* GoogleSignIn in Frameworks */ = {isa = PBXBuildFile; productRef = AC5031BB2FD81A1800C2DD0A /* GoogleSignIn */; };
		AC5031BE2FD81A1800C2DD0A /* GoogleSignInSwift in Frameworks */ = {isa = PBXBuildFile; productRef = AC5031BD2FD81A1800C2DD0A /* GoogleSignInSwift */; };
		AC6A96632F8FF42600905EA9 /* SwiftJWT in Frameworks */ = {isa = PBXBuildFile; productRef = AC6A96622F8FF42600905EA9 /* SwiftJWT */; };
		AC8DD7AA2F97D8FA00DFE2F9 /* Localizable.xcstrings in Resources */ = {isa = PBXBuildFile; fileRef = AC8DD7A92F97D8FA00DFE2F9 /* Localizable.xcstrings */; };
		ACE3AC9A2FE13D86000A0564 /* FirebaseCore in Frameworks */ = {isa = PBXBuildFile; productRef = ACE3AC992FE13D86000A0564 /* FirebaseCore */; };
		ACEDE6B92FE1846300283E1C /* PrivacyInfo.xcprivacy in Resources */ = {isa = PBXBuildFile; fileRef = ACEDE6392FE1846300283E1C /* PrivacyInfo.xcprivacy */; };
		ACF45AA92F9E4A4C00206681 /* FirebaseAnalytics in Frameworks */ = {isa = PBXBuildFile; productRef = ACF45AA82F9E4A4C00206681 /* FirebaseAnalytics */; };
		ACF45AAB2F9E4A4C00206681 /* FirebaseFirestore in Frameworks */ = {isa = PBXBuildFile; productRef = ACF45AAA2F9E4A4C00206681 /* FirebaseFirestore */; };
		ACF45AAD2F9E4A4C00206681 /* FirebaseRemoteConfig in Frameworks */ = {isa = PBXBuildFile; productRef = ACF45AAC2F9E4A4C00206681 /* FirebaseRemoteConfig */; };
		C3ABF218DB321A30164FAB92 /* WidgetTimelineProvider.swift in Sources */ = {isa = PBXBuildFile; fileRef = 549BCA6CCB3C867E929F1947 /* WidgetTimelineProvider.swift */; };
		D72E3B8BD9047D36D9A93E24 /* WidgetIntents.swift in Sources */ = {isa = PBXBuildFile; fileRef = 48A736F52F343D0D14EC84AF /* WidgetIntents.swift */; };
		EE9FEBDD5C0E371CACA10BB3 /* FoodTrackerWidgetExtension.appex in Embed App Extensions */ = {isa = PBXBuildFile; fileRef = 394C4C4991AE34E3BBEF15B0 /* FoodTrackerWidgetExtension.appex */; settings = {ATTRIBUTES = (RemoveHeadersOnCopy, ); }; };
/* End PBXBuildFile section */

/* Begin PBXContainerItemProxy section */
		B84437F67E5C3E2A960C10EE /* PBXContainerItemProxy */ = {
			isa = PBXContainerItemProxy;
			containerPortal = ACD93EF72F8AC7E200868265 /* Project object */;
			proxyType = 1;
			remoteGlobalIDString = A8F5C57F8D2684701CA8A893;
			remoteInfo = FoodTrackerWidgetExtension;
		};
/* End PBXContainerItemProxy section */

/* Begin PBXCopyFilesBuildPhase section */
		B56B381E84EA79DA009CF93B /* Embed App Extensions */ = {
			isa = PBXCopyFilesBuildPhase;
			buildActionMask = 2147483647;
			dstPath = "";
			dstSubfolderSpec = 13;
			files = (
				EE9FEBDD5C0E371CACA10BB3 /* FoodTrackerWidgetExtension.appex in Embed App Extensions */,
			);
			name = "Embed App Extensions";
			runOnlyForDeploymentPostprocessing = 0;
		};
/* End PBXCopyFilesBuildPhase section */

/* Begin PBXFileReference section */
		2E36DB87171FB4DDB25D877E /* FoodTrackerWidget.entitlements */ = {isa = PBXFileReference; includeInIndex = 1; lastKnownFileType = text.plist.entitlements; path = FoodTrackerWidget.entitlements; sourceTree = "<group>"; };
		36DAF5A47B0721134975795C /* FoodTrackerWidget.swift */ = {isa = PBXFileReference; includeInIndex = 1; lastKnownFileType = sourcecode.swift; path = FoodTrackerWidget.swift; sourceTree = "<group>"; };
		394C4C4991AE34E3BBEF15B0 /* FoodTrackerWidgetExtension.appex */ = {isa = PBXFileReference; explicitFileType = "wrapper.app-extension"; includeInIndex = 0; path = FoodTrackerWidgetExtension.appex; sourceTree = BUILT_PRODUCTS_DIR; };
		48A736F52F343D0D14EC84AF /* WidgetIntents.swift */ = {isa = PBXFileReference; includeInIndex = 1; lastKnownFileType = sourcecode.swift; path = WidgetIntents.swift; sourceTree = "<group>"; };
		4FE597D70E890999D1A64051 /* Info.plist */ = {isa = PBXFileReference; includeInIndex = 1; lastKnownFileType = text.plist.xml; path = Info.plist; sourceTree = "<group>"; };
		549BCA6CCB3C867E929F1947 /* WidgetTimelineProvider.swift */ = {isa = PBXFileReference; includeInIndex = 1; lastKnownFileType = sourcecode.swift; path = WidgetTimelineProvider.swift; sourceTree = "<group>"; };
		596C9D2B76E59796E46332C6 /* DietModel.swift */ = {isa = PBXFileReference; includeInIndex = 1; lastKnownFileType = sourcecode.swift; name = DietModel.swift; path = FoodTracker/Models/DietModel.swift; sourceTree = "<group>"; };
		9A3222F4F2574D1FBEBEB26A /* SmartPlanModels.swift */ = {isa = PBXFileReference; includeInIndex = 1; lastKnownFileType = sourcecode.swift; name = SmartPlanModels.swift; path = FoodTracker/Models/SmartPlanModels.swift; sourceTree = "<group>"; };
		9D188587B527691EBD590A7D /* UserModel.swift */ = {isa = PBXFileReference; includeInIndex = 1; lastKnownFileType = sourcecode.swift; name = UserModel.swift; path = FoodTracker/Models/UserModel.swift; sourceTree = "<group>"; };
		AB07AB497C9BEAD74F622C56 /* SharedModelContainer.swift */ = {isa = PBXFileReference; includeInIndex = 1; lastKnownFileType = sourcecode.swift; name = SharedModelContainer.swift; path = FoodTracker/Models/SharedModelContainer.swift; sourceTree = "<group>"; };
		AC8DD7A92F97D8FA00DFE2F9 /* Localizable.xcstrings */ = {isa = PBXFileReference; lastKnownFileType = text.json.xcstrings; path = Localizable.xcstrings; sourceTree = "<group>"; };
		ACD93EFF2F8AC7E200868265 /* FoodTracker.app */ = {isa = PBXFileReference; explicitFileType = wrapper.application; includeInIndex = 0; path = FoodTracker.app; sourceTree = BUILT_PRODUCTS_DIR; };
		ACEDE6392FE1846300283E1C /* PrivacyInfo.xcprivacy */ = {isa = PBXFileReference; lastKnownFileType = text.xml; path = PrivacyInfo.xcprivacy; sourceTree = "<group>"; };
		C44C0ADF6D4FF58EA8ECD7E9 /* WidgetViews.swift */ = {isa = PBXFileReference; includeInIndex = 1; lastKnownFileType = sourcecode.swift; path = WidgetViews.swift; sourceTree = "<group>"; };
		DAB29E7F1966EC006FE3E74E /* DataModels.swift */ = {isa = PBXFileReference; includeInIndex = 1; lastKnownFileType = sourcecode.swift; name = DataModels.swift; path = FoodTracker/Models/DataModels.swift; sourceTree = "<group>"; };
		FC00383639427959FB24E438 /* Foundation.framework */ = {isa = PBXFileReference; lastKnownFileType = wrapper.framework; name = Foundation.framework; path = Platforms/iPhoneOS.platform/Developer/SDKs/iPhoneOS18.0.sdk/System/Library/Frameworks/Foundation.framework; sourceTree = DEVELOPER_DIR; };
/* End PBXFileReference section */

/* Begin PBXFileSystemSynchronizedBuildFileExceptionSet section */
		AC58B7BB2F8E618A00242359 /* Exceptions for "FoodTracker" folder in "FoodTracker" target */ = {
			isa = PBXFileSystemSynchronizedBuildFileExceptionSet;
			membershipExceptions = (
				Info.plist,
			);
			target = ACD93EFE2F8AC7E200868265 /* FoodTracker */;
		};
/* End PBXFileSystemSynchronizedBuildFileExceptionSet section */

/* Begin PBXFileSystemSynchronizedRootGroup section */
		ACD93F012F8AC7E200868265 /* FoodTracker */ = {
			isa = PBXFileSystemSynchronizedRootGroup;
			exceptions = (
				AC58B7BB2F8E618A00242359 /* Exceptions for "FoodTracker" folder in "FoodTracker" target */,
			);
			path = FoodTracker;
			sourceTree = "<group>";
		};
/* End PBXFileSystemSynchronizedRootGroup section */

/* Begin PBXFrameworksBuildPhase section */
		ACD93EFC2F8AC7E200868265 /* Frameworks */ = {
			isa = PBXFrameworksBuildPhase;
			buildActionMask = 2147483647;
			files = (
				AC5031BE2FD81A1800C2DD0A /* GoogleSignInSwift in Frameworks */,
				ACF45AA92F9E4A4C00206681 /* FirebaseAnalytics in Frameworks */,
				AC5031BC2FD81A1800C2DD0A /* GoogleSignIn in Frameworks */,
				AC5031B52FD818F600C2DD0A /* FirebaseAuth in Frameworks */,
				AC6A96632F8FF42600905EA9 /* SwiftJWT in Frameworks */,
				AC5031B72FD818FC00C2DD0A /* FirebaseCrashlytics in Frameworks */,
				AC5031B92FD8191600C2DD0A /* FirebaseAppCheck in Frameworks */,
				ACF45AAB2F9E4A4C00206681 /* FirebaseFirestore in Frameworks */,
				ACF45AAD2F9E4A4C00206681 /* FirebaseRemoteConfig in Frameworks */,
			);
			runOnlyForDeploymentPostprocessing = 0;
		};
		E29CF611D43B0D262E83F437 /* Frameworks */ = {
			isa = PBXFrameworksBuildPhase;
			buildActionMask = 2147483647;
			files = (
				ACE3AC9A2FE13D86000A0564 /* FirebaseCore in Frameworks */,
				1304E47A55CE57718117B279 /* Foundation.framework in Frameworks */,
			);
			runOnlyForDeploymentPostprocessing = 0;
		};
/* End PBXFrameworksBuildPhase section */

/* Begin PBXGroup section */
		1AC596DDF964EAF5E142A222 /* FoodTrackerWidgetExtension */ = {
			isa = PBXGroup;
			children = (
				4FE597D70E890999D1A64051 /* Info.plist */,
				2E36DB87171FB4DDB25D877E /* FoodTrackerWidget.entitlements */,
				36DAF5A47B0721134975795C /* FoodTrackerWidget.swift */,
				48A736F52F343D0D14EC84AF /* WidgetIntents.swift */,
				549BCA6CCB3C867E929F1947 /* WidgetTimelineProvider.swift */,
				C44C0ADF6D4FF58EA8ECD7E9 /* WidgetViews.swift */,
			);
			path = FoodTrackerWidgetExtension;
			sourceTree = "<group>";
		};
		7E866ECCE39796D29E1D86A9 /* iOS */ = {
			isa = PBXGroup;
			children = (
				FC00383639427959FB24E438 /* Foundation.framework */,
			);
			name = iOS;
			sourceTree = "<group>";
		};
		AC5031B32FD818F600C2DD0A /* Frameworks */ = {
			isa = PBXGroup;
			children = (
				7E866ECCE39796D29E1D86A9 /* iOS */,
			);
			name = Frameworks;
			sourceTree = "<group>";
		};
		ACD93EF62F8AC7E200868265 = {
			isa = PBXGroup;
			children = (
				ACEDE6392FE1846300283E1C /* PrivacyInfo.xcprivacy */,
				AC8DD7A92F97D8FA00DFE2F9 /* Localizable.xcstrings */,
				ACD93F012F8AC7E200868265 /* FoodTracker */,
				ACD93F002F8AC7E200868265 /* Products */,
				AC5031B32FD818F600C2DD0A /* Frameworks */,
				1AC596DDF964EAF5E142A222 /* FoodTrackerWidgetExtension */,
				AB07AB497C9BEAD74F622C56 /* SharedModelContainer.swift */,
				DAB29E7F1966EC006FE3E74E /* DataModels.swift */,
				596C9D2B76E59796E46332C6 /* DietModel.swift */,
				9A3222F4F2574D1FBEBEB26A /* SmartPlanModels.swift */,
				9D188587B527691EBD590A7D /* UserModel.swift */,
			);
			sourceTree = "<group>";
		};
		ACD93F002F8AC7E200868265 /* Products */ = {
			isa = PBXGroup;
			children = (
				ACD93EFF2F8AC7E200868265 /* FoodTracker.app */,
				394C4C4991AE34E3BBEF15B0 /* FoodTrackerWidgetExtension.appex */,
			);
			name = Products;
			sourceTree = "<group>";
		};
/* End PBXGroup section */

/* Begin PBXNativeTarget section */
		A8F5C57F8D2684701CA8A893 /* FoodTrackerWidgetExtension */ = {
			isa = PBXNativeTarget;
			buildConfigurationList = 1F220D16006A38E221DD2439 /* Build configuration list for PBXNativeTarget "FoodTrackerWidgetExtension" */;
			buildPhases = (
				5E5372153B9F131FC8C652B3 /* Sources */,
				E29CF611D43B0D262E83F437 /* Frameworks */,
				4AF5CFCFBE529FD8BFBB76FE /* Resources */,
			);
			buildRules = (
			);
			dependencies = (
			);
			name = FoodTrackerWidgetExtension;
			productName = FoodTrackerWidgetExtension;
			productReference = 394C4C4991AE34E3BBEF15B0 /* FoodTrackerWidgetExtension.appex */;
			productType = "com.apple.product-type.app-extension";
		};
		ACD93EFE2F8AC7E200868265 /* FoodTracker */ = {
			isa = PBXNativeTarget;
			buildConfigurationList = ACD93F0A2F8AC7E300868265 /* Build configuration list for PBXNativeTarget "FoodTracker" */;
			buildPhases = (
				ACD93EFB2F8AC7E200868265 /* Sources */,
				ACD93EFC2F8AC7E200868265 /* Frameworks */,
				ACD93EFD2F8AC7E200868265 /* Resources */,
				A8E93B9035C662EEC7D5AB5B /* Firebase Crashlytics */,
				B56B381E84EA79DA009CF93B /* Embed App Extensions */,
			);
			buildRules = (
			);
			dependencies = (
				D3D89CAFE2061EEAB3A15332 /* PBXTargetDependency */,
			);
			fileSystemSynchronizedGroups = (
				ACD93F012F8AC7E200868265 /* FoodTracker */,
			);
			name = FoodTracker;
			packageProductDependencies = (
				AC6A96622F8FF42600905EA9 /* SwiftJWT */,
				ACF45AA82F9E4A4C00206681 /* FirebaseAnalytics */,
				ACF45AAA2F9E4A4C00206681 /* FirebaseFirestore */,
				ACF45AAC2F9E4A4C00206681 /* FirebaseRemoteConfig */,
				AC5031B42FD818F600C2DD0A /* FirebaseAuth */,
				AC5031B62FD818FC00C2DD0A /* FirebaseCrashlytics */,
				AC5031B82FD8191600C2DD0A /* FirebaseAppCheck */,
				AC5031BB2FD81A1800C2DD0A /* GoogleSignIn */,
				AC5031BD2FD81A1800C2DD0A /* GoogleSignInSwift */,
			);
			productName = FoodTracker;
			productReference = ACD93EFF2F8AC7E200868265 /* FoodTracker.app */;
			productType = "com.apple.product-type.application";
		};
/* End PBXNativeTarget section */

/* Begin PBXProject section */
		ACD93EF72F8AC7E200868265 /* Project object */ = {
			isa = PBXProject;
			attributes = {
				BuildIndependentTargetsInParallel = 1;
				LastSwiftUpdateCheck = 2630;
				LastUpgradeCheck = 2630;
				TargetAttributes = {
					ACD93EFE2F8AC7E200868265 = {
						CreatedOnToolsVersion = 26.3;
					};
				};
			};
			buildConfigurationList = ACD93EFA2F8AC7E200868265 /* Build configuration list for PBXProject "FoodTracker" */;
			developmentRegion = en;
			hasScannedForEncodings = 0;
			knownRegions = (
				en,
				Base,
				ru,
				fr,
				de,
				it,
				es,
				"pt-PT",
			);
			mainGroup = ACD93EF62F8AC7E200868265;
			minimizedProjectReferenceProxies = 1;
			packageReferences = (
				AC6A96612F8FF42600905EA9 /* XCRemoteSwiftPackageReference "Swift-JWT" */,
				ACF45AA72F9E4A4B00206681 /* XCRemoteSwiftPackageReference "firebase-ios-sdk" */,
				AC5031BA2FD81A1800C2DD0A /* XCRemoteSwiftPackageReference "GoogleSignIn-iOS" */,
			);
			preferredProjectObjectVersion = 77;
			productRefGroup = ACD93F002F8AC7E200868265 /* Products */;
			projectDirPath = "";
			projectRoot = "";
			targets = (
				ACD93EFE2F8AC7E200868265 /* FoodTracker */,
				A8F5C57F8D2684701CA8A893 /* FoodTrackerWidgetExtension */,
			);
		};
/* End PBXProject section */

/* Begin PBXResourcesBuildPhase section */
		4AF5CFCFBE529FD8BFBB76FE /* Resources */ = {
			isa = PBXResourcesBuildPhase;
			buildActionMask = 2147483647;
			files = (
			);
			runOnlyForDeploymentPostprocessing = 0;
		};
		ACD93EFD2F8AC7E200868265 /* Resources */ = {
			isa = PBXResourcesBuildPhase;
			buildActionMask = 2147483647;
			files = (
				ACEDE6B92FE1846300283E1C /* PrivacyInfo.xcprivacy in Resources */,
				AC8DD7AA2F97D8FA00DFE2F9 /* Localizable.xcstrings in Resources */,
			);
			runOnlyForDeploymentPostprocessing = 0;
		};
/* End PBXResourcesBuildPhase section */

/* Begin PBXShellScriptBuildPhase section */
		A8E93B9035C662EEC7D5AB5B /* Firebase Crashlytics */ = {
			isa = PBXShellScriptBuildPhase;
			buildActionMask = 2147483647;
			files = (
			);
			inputFileListPaths = (
			);
			inputPaths = (
				"${DWARF_DSYM_FOLDER_PATH}/${DWARF_DSYM_FILE_NAME}",
				"${DWARF_DSYM_FOLDER_PATH}/${DWARF_DSYM_FILE_NAME}/Contents/Resources/DWARF/${PRODUCT_NAME}",
				"${DWARF_DSYM_FOLDER_PATH}/${DWARF_DSYM_FILE_NAME}/Contents/Info.plist",
				"$(SRCROOT)/FoodTracker/GoogleService-Info.plist",
			);
			name = "Firebase Crashlytics";
			outputFileListPaths = (
			);
			outputPaths = (
			);
			runOnlyForDeploymentPostprocessing = 0;
			shellPath = /bin/sh;
			shellScript = "\"${BUILD_DIR%/Build/*}/SourcePackages/checkouts/firebase-ios-sdk/Crashlytics/run\" -gsp ${PROJECT_DIR}/FoodTracker/GoogleService-Info.plist";
		};
/* End PBXShellScriptBuildPhase section */

/* Begin PBXSourcesBuildPhase section */
		5E5372153B9F131FC8C652B3 /* Sources */ = {
			isa = PBXSourcesBuildPhase;
			buildActionMask = 2147483647;
			files = (
				7273FD20E172A06B9D7A2873 /* FoodTrackerWidget.swift in Sources */,
				9844B60EC51A8605D7EEA3AF /* SharedModelContainer.swift in Sources */,
				50C5A19AFAA5AADA618FFD0E /* DataModels.swift in Sources */,
				594D6D2956066597CE67C092 /* SmartPlanModels.swift in Sources */,
				D72E3B8BD9047D36D9A93E24 /* WidgetIntents.swift in Sources */,
				C3ABF218DB321A30164FAB92 /* WidgetTimelineProvider.swift in Sources */,
				A844BDC967EA5D6E265A855C /* WidgetViews.swift in Sources */,
			);
			runOnlyForDeploymentPostprocessing = 0;
		};
		ACD93EFB2F8AC7E200868265 /* Sources */ = {
			isa = PBXSourcesBuildPhase;
			buildActionMask = 2147483647;
			files = (
			);
			runOnlyForDeploymentPostprocessing = 0;
		};
/* End PBXSourcesBuildPhase section */

/* Begin PBXTargetDependency section */
		D3D89CAFE2061EEAB3A15332 /* PBXTargetDependency */ = {
			isa = PBXTargetDependency;
			name = FoodTrackerWidgetExtension;
			target = A8F5C57F8D2684701CA8A893 /* FoodTrackerWidgetExtension */;
			targetProxy = B84437F67E5C3E2A960C10EE /* PBXContainerItemProxy */;
		};
/* End PBXTargetDependency section */

/* Begin XCBuildConfiguration section */
		2FC8E97558CD9F82876E8C8E /* Release */ = {
			isa = XCBuildConfiguration;
			buildSettings = {
				ASSETCATALOG_COMPILER_APPICON_NAME = AppIcon;
				ASSETCATALOG_COMPILER_GLOBAL_ACCENT_COLOR_NAME = AccentColor;
				CLANG_ENABLE_OBJC_WEAK = NO;
				CODE_SIGN_ENTITLEMENTS = FoodTrackerWidgetExtension/FoodTrackerWidget.entitlements;
				CODE_SIGN_STYLE = Automatic;
				CURRENT_PROJECT_VERSION = 1;
				DEVELOPMENT_TEAM = LSCCP92LMG;
				INFOPLIST_FILE = FoodTrackerWidgetExtension/Info.plist;
				IPHONEOS_DEPLOYMENT_TARGET = 17.6;
				LD_RUNPATH_SEARCH_PATHS = (
					"$(inherited)",
					"@executable_path/Frameworks",
					"@executable_path/../../Frameworks",
				);
				MARKETING_VERSION = 1.0;
				PRODUCT_BUNDLE_IDENTIFIER = com.borisdev.FoodTracker2026.FoodTrackerWidgetExtension;
				PRODUCT_NAME = "$(TARGET_NAME)";
				SDKROOT = iphoneos;
				SKIP_INSTALL = YES;
				SWIFT_VERSION = 5.0;
				TARGETED_DEVICE_FAMILY = "1,2";
				VALIDATE_PRODUCT = YES;
			};
			name = Release;
		};
		91AB29892F2C24E1329A340F /* Debug */ = {
			isa = XCBuildConfiguration;
			buildSettings = {
				ASSETCATALOG_COMPILER_APPICON_NAME = AppIcon;
				ASSETCATALOG_COMPILER_GLOBAL_ACCENT_COLOR_NAME = AccentColor;
				CLANG_ENABLE_OBJC_WEAK = NO;
				CODE_SIGN_ENTITLEMENTS = FoodTrackerWidgetExtension/FoodTrackerWidget.entitlements;
				CODE_SIGN_STYLE = Automatic;
				CURRENT_PROJECT_VERSION = 1;
				DEVELOPMENT_TEAM = LSCCP92LMG;
				INFOPLIST_FILE = FoodTrackerWidgetExtension/Info.plist;
				IPHONEOS_DEPLOYMENT_TARGET = 17.6;
				LD_RUNPATH_SEARCH_PATHS = (
					"$(inherited)",
					"@executable_path/Frameworks",
					"@executable_path/../../Frameworks",
				);
				MARKETING_VERSION = 1.0;
				PRODUCT_BUNDLE_IDENTIFIER = com.borisdev.FoodTracker2026.FoodTrackerWidgetExtension;
				PRODUCT_NAME = "$(TARGET_NAME)";
				SDKROOT = iphoneos;
				SKIP_INSTALL = YES;
				SWIFT_VERSION = 5.0;
				TARGETED_DEVICE_FAMILY = "1,2";
			};
			name = Debug;
		};
		ACD93F082F8AC7E300868265 /* Debug */ = {
			isa = XCBuildConfiguration;
			buildSettings = {
				ALWAYS_SEARCH_USER_PATHS = NO;
				ASSETCATALOG_COMPILER_GENERATE_SWIFT_ASSET_SYMBOL_EXTENSIONS = YES;
				CLANG_ANALYZER_NONNULL = YES;
				CLANG_ANALYZER_NUMBER_OBJECT_CONVERSION = YES_AGGRESSIVE;
				CLANG_CXX_LANGUAGE_STANDARD = "gnu++20";
				CLANG_ENABLE_MODULES = YES;
				CLANG_ENABLE_OBJC_ARC = YES;
				CLANG_ENABLE_OBJC_WEAK = YES;
				CLANG_WARN_BLOCK_CAPTURE_AUTORELEASING = YES;
				CLANG_WARN_BOOL_CONVERSION = YES;
				CLANG_WARN_COMMA = YES;
				CLANG_WARN_CONSTANT_CONVERSION = YES;
				CLANG_WARN_DEPRECATED_OBJC_IMPLEMENTATIONS = YES;
				CLANG_WARN_DIRECT_OBJC_ISA_USAGE = YES_ERROR;
				CLANG_WARN_DOCUMENTATION_COMMENTS = YES;
				CLANG_WARN_EMPTY_BODY = YES;
				CLANG_WARN_ENUM_CONVERSION = YES;
				CLANG_WARN_INFINITE_RECURSION = YES;
				CLANG_WARN_INT_CONVERSION = YES;
				CLANG_WARN_NON_LITERAL_NULL_CONVERSION = YES;
				CLANG_WARN_OBJC_IMPLICIT_RETAIN_SELF = YES;
				CLANG_WARN_OBJC_LITERAL_CONVERSION = YES;
				CLANG_WARN_OBJC_ROOT_CLASS = YES_ERROR;
				CLANG_WARN_QUOTED_INCLUDE_IN_FRAMEWORK_HEADER = YES;
				CLANG_WARN_RANGE_LOOP_ANALYSIS = YES;
				CLANG_WARN_STRICT_PROTOTYPES = YES;
				CLANG_WARN_SUSPICIOUS_MOVE = YES;
				CLANG_WARN_UNGUARDED_AVAILABILITY = YES_AGGRESSIVE;
				CLANG_WARN_UNREACHABLE_CODE = YES;
				CLANG_WARN__DUPLICATE_METHOD_MATCH = YES;
				COPY_PHASE_STRIP = NO;
				DEBUG_INFORMATION_FORMAT = dwarf;
				DEVELOPMENT_TEAM = LSCCP92LMG;
				ENABLE_STRICT_OBJC_MSGSEND = YES;
				ENABLE_TESTABILITY = YES;
				ENABLE_USER_SCRIPT_SANDBOXING = YES;
				GCC_C_LANGUAGE_STANDARD = gnu17;
				GCC_DYNAMIC_NO_PIC = NO;
				GCC_NO_COMMON_BLOCKS = YES;
				GCC_OPTIMIZATION_LEVEL = 0;
				GCC_PREPROCESSOR_DEFINITIONS = (
					"DEBUG=1",
					"$(inherited)",
				);
				GCC_WARN_64_TO_32_BIT_CONVERSION = YES;
				GCC_WARN_ABOUT_RETURN_TYPE = YES_ERROR;
				GCC_WARN_UNDECLARED_SELECTOR = YES;
				GCC_WARN_UNINITIALIZED_AUTOS = YES_AGGRESSIVE;
				GCC_WARN_UNUSED_FUNCTION = YES;
				GCC_WARN_UNUSED_VARIABLE = YES;
				IPHONEOS_DEPLOYMENT_TARGET = 26.2;
				LOCALIZATION_PREFERS_STRING_CATALOGS = YES;
				MTL_ENABLE_DEBUG_INFO = INCLUDE_SOURCE;
				MTL_FAST_MATH = YES;
				ONLY_ACTIVE_ARCH = YES;
				SDKROOT = iphoneos;
				SWIFT_ACTIVE_COMPILATION_CONDITIONS = "DEBUG $(inherited)";
				SWIFT_EMIT_LOC_STRINGS = YES;
				SWIFT_OPTIMIZATION_LEVEL = "-Onone";
			};
			name = Debug;
		};
		ACD93F092F8AC7E300868265 /* Release */ = {
			isa = XCBuildConfiguration;
			buildSettings = {
				ALWAYS_SEARCH_USER_PATHS = NO;
				ASSETCATALOG_COMPILER_GENERATE_SWIFT_ASSET_SYMBOL_EXTENSIONS = YES;
				CLANG_ANALYZER_NONNULL = YES;
				CLANG_ANALYZER_NUMBER_OBJECT_CONVERSION = YES_AGGRESSIVE;
				CLANG_CXX_LANGUAGE_STANDARD = "gnu++20";
				CLANG_ENABLE_MODULES = YES;
				CLANG_ENABLE_OBJC_ARC = YES;
				CLANG_ENABLE_OBJC_WEAK = YES;
				CLANG_WARN_BLOCK_CAPTURE_AUTORELEASING = YES;
				CLANG_WARN_BOOL_CONVERSION = YES;
				CLANG_WARN_COMMA = YES;
				CLANG_WARN_CONSTANT_CONVERSION = YES;
				CLANG_WARN_DEPRECATED_OBJC_IMPLEMENTATIONS = YES;
				CLANG_WARN_DIRECT_OBJC_ISA_USAGE = YES_ERROR;
				CLANG_WARN_DOCUMENTATION_COMMENTS = YES;
				CLANG_WARN_EMPTY_BODY = YES;
				CLANG_WARN_ENUM_CONVERSION = YES;
				CLANG_WARN_INFINITE_RECURSION = YES;
				CLANG_WARN_INT_CONVERSION = YES;
				CLANG_WARN_NON_LITERAL_NULL_CONVERSION = YES;
				CLANG_WARN_OBJC_IMPLICIT_RETAIN_SELF = YES;
				CLANG_WARN_OBJC_LITERAL_CONVERSION = YES;
				CLANG_WARN_OBJC_ROOT_CLASS = YES_ERROR;
				CLANG_WARN_QUOTED_INCLUDE_IN_FRAMEWORK_HEADER = YES;
				CLANG_WARN_RANGE_LOOP_ANALYSIS = YES;
				CLANG_WARN_STRICT_PROTOTYPES = YES;
				CLANG_WARN_SUSPICIOUS_MOVE = YES;
				CLANG_WARN_UNGUARDED_AVAILABILITY = YES_AGGRESSIVE;
				CLANG_WARN_UNREACHABLE_CODE = YES;
				CLANG_WARN__DUPLICATE_METHOD_MATCH = YES;
				COPY_PHASE_STRIP = NO;
				DEBUG_INFORMATION_FORMAT = "dwarf-with-dsym";
				DEVELOPMENT_TEAM = LSCCP92LMG;
				ENABLE_NS_ASSERTIONS = NO;
				ENABLE_STRICT_OBJC_MSGSEND = YES;
				ENABLE_USER_SCRIPT_SANDBOXING = YES;
				GCC_C_LANGUAGE_STANDARD = gnu17;
				GCC_NO_COMMON_BLOCKS = YES;
				GCC_WARN_64_TO_32_BIT_CONVERSION = YES;
				GCC_WARN_ABOUT_RETURN_TYPE = YES_ERROR;
				GCC_WARN_UNDECLARED_SELECTOR = YES;
				GCC_WARN_UNINITIALIZED_AUTOS = YES_AGGRESSIVE;
				GCC_WARN_UNUSED_FUNCTION = YES;
				GCC_WARN_UNUSED_VARIABLE = YES;
				IPHONEOS_DEPLOYMENT_TARGET = 26.2;
				LOCALIZATION_PREFERS_STRING_CATALOGS = YES;
				MTL_ENABLE_DEBUG_INFO = NO;
				MTL_FAST_MATH = YES;
				SDKROOT = iphoneos;
				SWIFT_COMPILATION_MODE = wholemodule;
				SWIFT_EMIT_LOC_STRINGS = YES;
				VALIDATE_PRODUCT = YES;
			};
			name = Release;
		};
		ACD93F0B2F8AC7E300868265 /* Debug */ = {
			isa = XCBuildConfiguration;
			buildSettings = {
				ASSETCATALOG_COMPILER_APPICON_NAME = AppIcon;
				ASSETCATALOG_COMPILER_GLOBAL_ACCENT_COLOR_NAME = AccentColor;
				CODE_SIGN_ENTITLEMENTS = FoodTracker/FoodTracker.entitlements;
				CODE_SIGN_STYLE = Automatic;
				CURRENT_PROJECT_VERSION = 1;
				DEVELOPMENT_TEAM = LSCCP92LMG;
				ENABLE_PREVIEWS = YES;
				GENERATE_INFOPLIST_FILE = YES;
				INFOPLIST_FILE = FoodTracker/Info.plist;
				INFOPLIST_KEY_NSCameraUsageDescription = "FoodTracker needs access to your camera to scan food barcodes, restaurant menus, and capture cooking steps for AI analysis";
				INFOPLIST_KEY_NSHealthShareUsageDescription = "FoodTracker needs access to your Health data to read active energy burned. This allows us to accurately calculate and adjust your daily calorie goals based on your activity.";
				INFOPLIST_KEY_NSHealthUpdateUsageDescription = "FoodTracker needs access to your Health data to automatically sync your logged water intake and consumed calories, keeping all your health data centralized";
				INFOPLIST_KEY_NSSupportsLiveActivities = YES;
				INFOPLIST_KEY_UIApplicationSceneManifest_Generation = YES;
				INFOPLIST_KEY_UIApplicationSupportsIndirectInputEvents = YES;
				INFOPLIST_KEY_UILaunchScreen_Generation = YES;
				INFOPLIST_KEY_UISupportedInterfaceOrientations_iPad = "UIInterfaceOrientationPortrait UIInterfaceOrientationPortraitUpsideDown UIInterfaceOrientationLandscapeLeft UIInterfaceOrientationLandscapeRight";
				INFOPLIST_KEY_UISupportedInterfaceOrientations_iPhone = "UIInterfaceOrientationPortrait UIInterfaceOrientationLandscapeLeft UIInterfaceOrientationLandscapeRight";
				IPHONEOS_DEPLOYMENT_TARGET = 17.6;
				LD_RUNPATH_SEARCH_PATHS = (
					"$(inherited)",
					"@executable_path/Frameworks",
				);
				MARKETING_VERSION = 1.0;
				PRODUCT_BUNDLE_IDENTIFIER = com.borisdev.FoodTracker2026;
				PRODUCT_NAME = "$(TARGET_NAME)";
				STRING_CATALOG_GENERATE_SYMBOLS = YES;
				SWIFT_APPROACHABLE_CONCURRENCY = YES;
				SWIFT_DEFAULT_ACTOR_ISOLATION = MainActor;
				SWIFT_EMIT_LOC_STRINGS = YES;
				SWIFT_UPCOMING_FEATURE_MEMBER_IMPORT_VISIBILITY = YES;
				SWIFT_VERSION = 5.0;
				TARGETED_DEVICE_FAMILY = "1,2";
			};
			name = Debug;
		};
		ACD93F0C2F8AC7E300868265 /* Release */ = {
			isa = XCBuildConfiguration;
			buildSettings = {
				ASSETCATALOG_COMPILER_APPICON_NAME = AppIcon;
				ASSETCATALOG_COMPILER_GLOBAL_ACCENT_COLOR_NAME = AccentColor;
				CODE_SIGN_ENTITLEMENTS = FoodTracker/FoodTracker.entitlements;
				CODE_SIGN_STYLE = Automatic;
				CURRENT_PROJECT_VERSION = 1;
				DEVELOPMENT_TEAM = LSCCP92LMG;
				ENABLE_PREVIEWS = YES;
				GENERATE_INFOPLIST_FILE = YES;
				INFOPLIST_FILE = FoodTracker/Info.plist;
				INFOPLIST_KEY_NSCameraUsageDescription = "FoodTracker needs access to your camera to scan food barcodes, restaurant menus, and capture cooking steps for AI analysis";
				INFOPLIST_KEY_NSHealthShareUsageDescription = "FoodTracker needs access to your Health data to read active energy burned. This allows us to accurately calculate and adjust your daily calorie goals based on your activity.";
				INFOPLIST_KEY_NSHealthUpdateUsageDescription = "FoodTracker needs access to your Health data to automatically sync your logged water intake and consumed calories, keeping all your health data centralized";
				INFOPLIST_KEY_NSSupportsLiveActivities = YES;
				INFOPLIST_KEY_UIApplicationSceneManifest_Generation = YES;
				INFOPLIST_KEY_UIApplicationSupportsIndirectInputEvents = YES;
				INFOPLIST_KEY_UILaunchScreen_Generation = YES;
				INFOPLIST_KEY_UISupportedInterfaceOrientations_iPad = "UIInterfaceOrientationPortrait UIInterfaceOrientationPortraitUpsideDown UIInterfaceOrientationLandscapeLeft UIInterfaceOrientationLandscapeRight";
				INFOPLIST_KEY_UISupportedInterfaceOrientations_iPhone = "UIInterfaceOrientationPortrait UIInterfaceOrientationLandscapeLeft UIInterfaceOrientationLandscapeRight";
				IPHONEOS_DEPLOYMENT_TARGET = 17.6;
				LD_RUNPATH_SEARCH_PATHS = (
					"$(inherited)",
					"@executable_path/Frameworks",
				);
				MARKETING_VERSION = 1.0;
				PRODUCT_BUNDLE_IDENTIFIER = com.borisdev.FoodTracker2026;
				PRODUCT_NAME = "$(TARGET_NAME)";
				STRING_CATALOG_GENERATE_SYMBOLS = YES;
				SWIFT_APPROACHABLE_CONCURRENCY = YES;
				SWIFT_DEFAULT_ACTOR_ISOLATION = MainActor;
				SWIFT_EMIT_LOC_STRINGS = YES;
				SWIFT_UPCOMING_FEATURE_MEMBER_IMPORT_VISIBILITY = YES;
				SWIFT_VERSION = 5.0;
				TARGETED_DEVICE_FAMILY = "1,2";
			};
			name = Release;
		};
/* End XCBuildConfiguration section */

/* Begin XCConfigurationList section */
		1F220D16006A38E221DD2439 /* Build configuration list for PBXNativeTarget "FoodTrackerWidgetExtension" */ = {
			isa = XCConfigurationList;
			buildConfigurations = (
				2FC8E97558CD9F82876E8C8E /* Release */,
				91AB29892F2C24E1329A340F /* Debug */,
			);
			defaultConfigurationIsVisible = 0;
			defaultConfigurationName = Release;
		};
		ACD93EFA2F8AC7E200868265 /* Build configuration list for PBXProject "FoodTracker" */ = {
			isa = XCConfigurationList;
			buildConfigurations = (
				ACD93F082F8AC7E300868265 /* Debug */,
				ACD93F092F8AC7E300868265 /* Release */,
			);
			defaultConfigurationIsVisible = 0;
			defaultConfigurationName = Release;
		};
		ACD93F0A2F8AC7E300868265 /* Build configuration list for PBXNativeTarget "FoodTracker" */ = {
			isa = XCConfigurationList;
			buildConfigurations = (
				ACD93F0B2F8AC7E300868265 /* Debug */,
				ACD93F0C2F8AC7E300868265 /* Release */,
			);
			defaultConfigurationIsVisible = 0;
			defaultConfigurationName = Release;
		};
/* End XCConfigurationList section */

/* Begin XCRemoteSwiftPackageReference section */
		AC5031BA2FD81A1800C2DD0A /* XCRemoteSwiftPackageReference "GoogleSignIn-iOS" */ = {
			isa = XCRemoteSwiftPackageReference;
			repositoryURL = "https://github.com/google/GoogleSignIn-iOS.git";
			requirement = {
				kind = upToNextMajorVersion;
				minimumVersion = 9.1.0;
			};
		};
		AC6A96612F8FF42600905EA9 /* XCRemoteSwiftPackageReference "Swift-JWT" */ = {
			isa = XCRemoteSwiftPackageReference;
			repositoryURL = "https://github.com/Kitura/Swift-JWT.git";
			requirement = {
				kind = upToNextMajorVersion;
				minimumVersion = 4.0.2;
			};
		};
		ACF45AA72F9E4A4B00206681 /* XCRemoteSwiftPackageReference "firebase-ios-sdk" */ = {
			isa = XCRemoteSwiftPackageReference;
			repositoryURL = "https://github.com/firebase/firebase-ios-sdk.git";
			requirement = {
				kind = upToNextMajorVersion;
				minimumVersion = 12.12.1;
			};
		};
/* End XCRemoteSwiftPackageReference section */

/* Begin XCSwiftPackageProductDependency section */
		AC5031B42FD818F600C2DD0A /* FirebaseAuth */ = {
			isa = XCSwiftPackageProductDependency;
			package = ACF45AA72F9E4A4B00206681 /* XCRemoteSwiftPackageReference "firebase-ios-sdk" */;
			productName = FirebaseAuth;
		};
		AC5031B62FD818FC00C2DD0A /* FirebaseCrashlytics */ = {
			isa = XCSwiftPackageProductDependency;
			package = ACF45AA72F9E4A4B00206681 /* XCRemoteSwiftPackageReference "firebase-ios-sdk" */;
			productName = FirebaseCrashlytics;
		};
		AC5031B82FD8191600C2DD0A /* FirebaseAppCheck */ = {
			isa = XCSwiftPackageProductDependency;
			package = ACF45AA72F9E4A4B00206681 /* XCRemoteSwiftPackageReference "firebase-ios-sdk" */;
			productName = FirebaseAppCheck;
		};
		AC5031BB2FD81A1800C2DD0A /* GoogleSignIn */ = {
			isa = XCSwiftPackageProductDependency;
			package = AC5031BA2FD81A1800C2DD0A /* XCRemoteSwiftPackageReference "GoogleSignIn-iOS" */;
			productName = GoogleSignIn;
		};
		AC5031BD2FD81A1800C2DD0A /* GoogleSignInSwift */ = {
			isa = XCSwiftPackageProductDependency;
			package = AC5031BA2FD81A1800C2DD0A /* XCRemoteSwiftPackageReference "GoogleSignIn-iOS" */;
			productName = GoogleSignInSwift;
		};
		AC6A96622F8FF42600905EA9 /* SwiftJWT */ = {
			isa = XCSwiftPackageProductDependency;
			package = AC6A96612F8FF42600905EA9 /* XCRemoteSwiftPackageReference "Swift-JWT" */;
			productName = SwiftJWT;
		};
		ACE3AC992FE13D86000A0564 /* FirebaseCore */ = {
			isa = XCSwiftPackageProductDependency;
			package = ACF45AA72F9E4A4B00206681 /* XCRemoteSwiftPackageReference "firebase-ios-sdk" */;
			productName = FirebaseCore;
		};
		ACF45AA82F9E4A4C00206681 /* FirebaseAnalytics */ = {
			isa = XCSwiftPackageProductDependency;
			package = ACF45AA72F9E4A4B00206681 /* XCRemoteSwiftPackageReference "firebase-ios-sdk" */;
			productName = FirebaseAnalytics;
		};
		ACF45AAA2F9E4A4C00206681 /* FirebaseFirestore */ = {
			isa = XCSwiftPackageProductDependency;
			package = ACF45AA72F9E4A4B00206681 /* XCRemoteSwiftPackageReference "firebase-ios-sdk" */;
			productName = FirebaseFirestore;
		};
		ACF45AAC2F9E4A4C00206681 /* FirebaseRemoteConfig */ = {
			isa = XCSwiftPackageProductDependency;
			package = ACF45AA72F9E4A4B00206681 /* XCRemoteSwiftPackageReference "firebase-ios-sdk" */;
			productName = FirebaseRemoteConfig;
		};
/* End XCSwiftPackageProductDependency section */
	};
	rootObject = ACD93EF72F8AC7E200868265 /* Project object */;
}
